// !$*UTF8*$!
{
	archiveVersion = 1;
	classes = {
	};
	objectVersion = 55;
	objects = {

/* Begin PBXBuildFile section */
		E457CB6F288701CB008FE057 /* AppDelegate.swift in Sources */ = {isa = PBXBuildFile; fileRef = E457CB6E288701CB008FE057 /* AppDelegate.swift */; };
		E457CB71288701CB008FE057 /* SceneDelegate.swift in Sources */ = {isa = PBXBuildFile; fileRef = E457CB70288701CB008FE057 /* SceneDelegate.swift */; };
		E457CB73288701CB008FE057 /* ViewController.swift in Sources */ = {isa = PBXBuildFile; fileRef = E457CB72288701CB008FE057 /* ViewController.swift */; };
		E457CB76288701CB008FE057 /* Main.storyboard in Resources */ = {isa = PBXBuildFile; fileRef = E457CB74288701CB008FE057 /* Main.storyboard */; };
		E457CB79288701CB008FE057 /* final.xcdatamodeld in Sources */ = {isa = PBXBuildFile; fileRef = E457CB77288701CB008FE057 /* final.xcdatamodeld */; };
		E457CB7B288701CC008FE057 /* Assets.xcassets in Resources */ = {isa = PBXBuildFile; fileRef = E457CB7A288701CC008FE057 /* Assets.xcassets */; };
		E457CB7E288701CC008FE057 /* LaunchScreen.storyboard in Resources */ = {isa = PBXBuildFile; fileRef = E457CB7C288701CC008FE057 /* LaunchScreen.storyboard */; };
		E457CB89288701CC008FE057 /* finalTests.swift in Sources */ = {isa = PBXBuildFile; fileRef = E457CB88288701CC008FE057 /* finalTests.swift */; };
		E457CB93288701CC008FE057 /* finalUITests.swift in Sources */ = {isa = PBXBuildFile; fileRef = E457CB92288701CC008FE057 /* finalUITests.swift */; };
		E457CB95288701CC008FE057 /* finalUITestsLaunchTests.swift in Sources */ = {isa = PBXBuildFile; fileRef = E457CB94288701CC008FE057 /* finalUITestsLaunchTests.swift */; };
/* End PBXBuildFile section */

/* Begin PBXContainerItemProxy section */
		E457CB85288701CC008FE057 /* PBXContainerItemProxy */ = {
			isa = PBXContainerItemProxy;
			containerPortal = E457CB63288701CB008FE057 /* Project object */;
			proxyType = 1;
			remoteGlobalIDString = E457CB6A288701CB008FE057;
			remoteInfo = final;
		};
		E457CB8F288701CC008FE057 /* PBXContainerItemProxy */ = {
			isa = PBXContainerItemProxy;
			containerPortal = E457CB63288701CB008FE057 /* Project object */;
			proxyType = 1;
			remoteGlobalIDString = E457CB6A288701CB008FE057;
			remoteInfo = final;
		};
/* End PBXContainerItemProxy section */

/* Begin PBXFileReference section */
		E457CB6B288701CB008FE057 /* final.app */ = {isa = PBXFileReference; explicitFileType = wrapper.application; includeInIndex = 0; path = final.app; sourceTree = BUILT_PRODUCTS_DIR; };
		E457CB6E288701CB008FE057 /* AppDelegate.swift */ = {isa = PBXFileReference; lastKnownFileType = sourcecode.swift; path = AppDelegate.swift; sourceTree = "<group>"; };
		E457CB70288701CB008FE057 /* SceneDelegate.swift */ = {isa = PBXFileReference; lastKnownFileType = sourcecode.swift; path = SceneDelegate.swift; sourceTree = "<group>"; };
		E457CB72288701CB008FE057 /* ViewController.swift */ = {isa = PBXFileReference; lastKnownFileType = sourcecode.swift; path = ViewController.swift; sourceTree = "<group>"; };
		E457CB75288701CB008FE057 /* Base */ = {isa = PBXFileReference; lastKnownFileType = file.storyboard; name = Base; path = Base.lproj/Main.storyboard; sourceTree = "<group>"; };
		E457CB78288701CB008FE057 /* final.xcdatamodel */ = {isa = PBXFileReference; lastKnownFileType = wrapper.xcdatamodel; path = final.xcdatamodel; sourceTree = "<group>"; };
		E457CB7A288701CC008FE057 /* Assets.xcassets */ = {isa = PBXFileReference; lastKnownFileType = folder.assetcatalog; path = Assets.xcassets; sourceTree = "<group>"; };
		E457CB7D288701CC008FE057 /* Base */ = {isa = PBXFileReference; lastKnownFileType = file.storyboard; name = Base; path = Base.lproj/LaunchScreen.storyboard; sourceTree = "<group>"; };
		E457CB7F288701CC008FE057 /* Info.plist */ = {isa = PBXFileReference; lastKnownFileType = text.plist.xml; path = Info.plist; sourceTree = "<group>"; };
		E457CB84288701CC008FE057 /* finalTests.xctest */ = {isa = PBXFileReference; explicitFileType = wrapper.cfbundle; includeInIndex = 0; path = finalTests.xctest; sourceTree = BUILT_PRODUCTS_DIR; };
		E457CB88288701CC008FE057 /* finalTests.swift */ = {isa = PBXFileReference; lastKnownFileType = sourcecode.swift; path = finalTests.swift; sourceTree = "<group>"; };
		E457CB8E288701CC008FE057 /* finalUITests.xctest */ = {isa = PBXFileReference; explicitFileType = wrapper.cfbundle; includeInIndex = 0; path = finalUITests.xctest; sourceTree = BUILT_PRODUCTS_DIR; };
		E457CB92288701CC008FE057 /* finalUITests.swift */ = {isa = PBXFileReference; lastKnownFileType = sourcecode.swift; path = finalUITests.swift; sourceTree = "<group>"; };
		E457CB94288701CC008FE057 /* finalUITestsLaunchTests.swift */ = {isa = PBXFileReference; lastKnownFileType = sourcecode.swift; path = finalUITestsLaunchTests.swift; sourceTree = "<group>"; };
/* End PBXFileReference section */

/* Begin PBXFrameworksBuildPhase section */
		E457CB68288701CB008FE057 /* Frameworks */ = {
			isa = PBXFrameworksBuildPhase;
			buildActionMask = 2147483647;
			files = (
			);
			runOnlyForDeploymentPostprocessing = 0;
		};
		E457CB81288701CC008FE057 /* Frameworks */ = {
			isa = PBXFrameworksBuildPhase;
			buildActionMask = 2147483647;
			files = (
			);
			runOnlyForDeploymentPostprocessing = 0;
		};
		E457CB8B288701CC008FE057 /* Frameworks */ = {
			isa = PBXFrameworksBuildPhase;
			buildActionMask = 2147483647;
			files = (
			);
			runOnlyForDeploymentPostprocessing = 0;
		};
/* End PBXFrameworksBuildPhase section */

/* Begin PBXGroup section */
		E457CB62288701CB008FE057 = {
			isa = PBXGroup;
			children = (
				E457CB6D288701CB008FE057 /* final */,
				E457CB87288701CC008FE057 /* finalTests */,
				E457CB91288701CC008FE057 /* finalUITests */,
				E457CB6C288701CB008FE057 /* Products */,
			);
			sourceTree = "<group>";
		};
		E457CB6C288701CB008FE057 /* Products */ = {
			isa = PBXGroup;
			children = (
				E457CB6B288701CB008FE057 /* final.app */,
				E457CB84288701CC008FE057 /* finalTests.xctest */,
				E457CB8E288701CC008FE057 /* finalUITests.xctest */,
			);
			name = Products;
			sourceTree = "<group>";
		};
		E457CB6D288701CB008FE057 /* final */ = {
			isa = PBXGroup;
			children = (
				E457CB6E288701CB008FE057 /* AppDelegate.swift */,
				E457CB70288701CB008FE057 /* SceneDelegate.swift */,
				E457CB72288701CB008FE057 /* ViewController.swift */,
				E457CB74288701CB008FE057 /* Main.storyboard */,
				E457CB7A288701CC008FE057 /* Assets.xcassets */,
				E457CB7C288701CC008FE057 /* LaunchScreen.storyboard */,
				E457CB7F288701CC008FE057 /* Info.plist */,
				E457CB77288701CB008FE057 /* final.xcdatamodeld */,
			);
			path = final;
			sourceTree = "<group>";
		};
		E457CB87288701CC008FE057 /* finalTests */ = {
			isa = PBXGroup;
			children = (
				E457CB88288701CC008FE057 /* finalTests.swift */,
			);
			path = finalTests;
			sourceTree = "<group>";
		};
		E457CB91288701CC008FE057 /* finalUITests */ = {
			isa = PBXGroup;
			children = (
				E457CB92288701CC008FE057 /* finalUITests.swift */,
				E457CB94288701CC008FE057 /* finalUITestsLaunchTests.swift */,
			);
			path = finalUITests;
			sourceTree = "<group>";
		};
/* End PBXGroup section */

/* Begin PBXNativeTarget section */
		E457CB6A288701CB008FE057 /* final */ = {
			isa = PBXNativeTarget;
			buildConfigurationList = E457CB98288701CC008FE057 /* Build configuration list for PBXNativeTarget "final" */;
			buildPhases = (
				E457CB67288701CB008FE057 /* Sources */,
				E457CB68288701CB008FE057 /* Frameworks */,
				E457CB69288701CB008FE057 /* Resources */,
			);
			buildRules = (
			);
			dependencies = (
			);
			name = final;
			productName = final;
			productReference = E457CB6B288701CB008FE057 /* final.app */;
			productType = "com.apple.product-type.application";
		};
		E457CB83288701CC008FE057 /* finalTests */ = {
			isa = PBXNativeTarget;
			buildConfigurationList = E457CB9B288701CC008FE057 /* Build configuration list for PBXNativeTarget "finalTests" */;
			buildPhases = (
				E457CB80288701CC008FE057 /* Sources */,
				E457CB81288701CC008FE057 /* Frameworks */,
				E457CB82288701CC008FE057 /* Resources */,
			);
			buildRules = (
			);
			dependencies = (
				E457CB86288701CC008FE057 /* PBXTargetDependency */,
			);
			name = finalTests;
			productName = finalTests;
			productReference = E457CB84288701CC008FE057 /* finalTests.xctest */;
			productType = "com.apple.product-type.bundle.unit-test";
		};
		E457CB8D288701CC008FE057 /* finalUITests */ = {
			isa = PBXNativeTarget;
			buildConfigurationList = E457CB9E288701CC008FE057 /* Build configuration list for PBXNativeTarget "finalUITests" */;
			buildPhases = (
				E457CB8A288701CC008FE057 /* Sources */,
				E457CB8B288701CC008FE057 /* Frameworks */,
				E457CB8C288701CC008FE057 /* Resources */,
			);
			buildRules = (
			);
			dependencies = (
				E457CB90288701CC008FE057 /* PBXTargetDependency */,
			);
			name = finalUITests;
			productName = finalUITests;
			productReference = E457CB8E288701CC008FE057 /* finalUITests.xctest */;
			productType = "com.apple.product-type.bundle.ui-testing";
		};
/* End PBXNativeTarget section */

/* Begin PBXProject section */
		E457CB63288701CB008FE057 /* Project object */ = {
			isa = PBXProject;
			attributes = {
				BuildIndependentTargetsInParallel = 1;
				LastSwiftUpdateCheck = 1340;
				LastUpgradeCheck = 1340;
				TargetAttributes = {
					E457CB6A288701CB008FE057 = {
						CreatedOnToolsVersion = 13.4.1;
					};
					E457CB83288701CC008FE057 = {
						CreatedOnToolsVersion = 13.4.1;
						TestTargetID = E457CB6A288701CB008FE057;
					};
					E457CB8D288701CC008FE057 = {
						CreatedOnToolsVersion = 13.4.1;
						TestTargetID = E457CB6A288701CB008FE057;
					};
				};
			};
			buildConfigurationList = E457CB66288701CB008FE057 /* Build configuration list for PBXProject "final" */;
			compatibilityVersion = "Xcode 13.0";
			developmentRegion = en;
			hasScannedForEncodings = 0;
			knownRegions = (
				en,
				Base,
			);
			mainGroup = E457CB62288701CB008FE057;
			productRefGroup = E457CB6C288701CB008FE057 /* Products */;
			projectDirPath = "";
			projectRoot = "";
			targets = (
				E457CB6A288701CB008FE057 /* final */,
				E457CB83288701CC008FE057 /* finalTests */,
				E457CB8D288701CC008FE057 /* finalUITests */,
			);
		};
/* End PBXProject section */

/* Begin PBXResourcesBuildPhase section */
		E457CB69288701CB008FE057 /* Resources */ = {
			isa = PBXResourcesBuildPhase;
			buildActionMask = 2147483647;
			files = (
				E457CB7E288701CC008FE057 /* LaunchScreen.storyboard in Resources */,
				E457CB7B288701CC008FE057 /* Assets.xcassets in Resources */,
				E457CB76288701CB008FE057 /* Main.storyboard in Resources */,
			);
			runOnlyForDeploymentPostprocessing = 0;
		};
		E457CB82288701CC008FE057 /* Resources */ = {
			isa = PBXResourcesBuildPhase;
			buildActionMask = 2147483647;
			files = (
			);
			runOnlyForDeploymentPostprocessing = 0;
		};
		E457CB8C288701CC008FE057 /* Resources */ = {
			isa = PBXResourcesBuildPhase;
			buildActionMask = 2147483647;
			files = (
			);
			runOnlyForDeploymentPostprocessing = 0;
		};
/* End PBXResourcesBuildPhase section */

/* Begin PBXSourcesBuildPhase section */
		E457CB67288701CB008FE057 /* Sources */ = {
			isa = PBXSourcesBuildPhase;
			buildActionMask = 2147483647;
			files = (
				E457CB79288701CB008FE057 /* final.xcdatamodeld in Sources */,
				E457CB73288701CB008FE057 /* ViewController.swift in Sources */,
				E457CB6F288701CB008FE057 /* AppDelegate.swift in Sources */,
				E457CB71288701CB008FE057 /* SceneDelegate.swift in Sources */,
			);
			runOnlyForDeploymentPostprocessing = 0;
		};
		E457CB80288701CC008FE057 /* Sources */ = {
			isa = PBXSourcesBuildPhase;
			buildActionMask = 2147483647;
			files = (
				E457CB89288701CC008FE057 /* finalTests.swift in Sources */,
			);
			runOnlyForDeploymentPostprocessing = 0;
		};
		E457CB8A288701CC008FE057 /* Sources */ = {
			isa = PBXSourcesBuildPhase;
			buildActionMask = 2147483647;
			files = (
				E457CB93288701CC008FE057 /* finalUITests.swift in Sources */,
				E457CB95288701CC008FE057 /* finalUITestsLaunchTests.swift in Sources */,
			);
			runOnlyForDeploymentPostprocessing = 0;
		};
/* End PBXSourcesBuildPhase section */

/* Begin PBXTargetDependency section */
		E457CB86288701CC008FE057 /* PBXTargetDependency */ = {
			isa = PBXTargetDependency;
			target = E457CB6A288701CB008FE057 /* final */;
			targetProxy = E457CB85288701CC008FE057 /* PBXContainerItemProxy */;
		};
		E457CB90288701CC008FE057 /* PBXTargetDependency */ = {
			isa = PBXTargetDependency;
			target = E457CB6A288701CB008FE057 /* final */;
			targetProxy = E457CB8F288701CC008FE057 /* PBXContainerItemProxy */;
		};
/* End PBXTargetDependency section */

/* Begin PBXVariantGroup section */
		E457CB74288701CB008FE057 /* Main.storyboard */ = {
			isa = PBXVariantGroup;
			children = (
				E457CB75288701CB008FE057 /* Base */,
			);
			name = Main.storyboard;
			sourceTree = "<group>";
		};
		E457CB7C288701CC008FE057 /* LaunchScreen.storyboard */ = {
			isa = PBXVariantGroup;
			children = (
				E457CB7D288701CC008FE057 /* Base */,
			);
			name = LaunchScreen.storyboard;
			sourceTree = "<group>";
		};
/* End PBXVariantGroup section */

/* Begin XCBuildConfiguration section */
		E457CB96288701CC008FE057 /* Debug */ = {
			isa = XCBuildConfiguration;
			buildSettings = {
				ALWAYS_SEARCH_USER_PATHS = NO;
				CLANG_ANALYZER_NONNULL = YES;
				CLANG_ANALYZER_NUMBER_OBJECT_CONVERSION = YES_AGGRESSIVE;
				CLANG_CXX_LANGUAGE_STANDARD = "gnu++17";
				CLANG_ENABLE_MODULES = YES;
				CLANG_ENABLE_OBJC_ARC = YES;
				CLANG_ENABLE_OBJC_WEAK = YES;
				CLANG_WARN_BLOCK_CAPTURE_AUTORELEASING = YES;
				CLANG_WARN_BOOL_CONVERSION = YES;
				CLANG_WARN_COMMA = YES;
				CLANG_WARN_CONSTANT_CONVERSION = YES;
				CLANG_WARN_DEPRECATED_OBJC_IMPLEMENTATIONS = YES;
				CLANG_WARN_DIRECT_OBJC_ISA_USAGE = YES_ERROR;
				CLANG_WARN_DOCUMENTATION_COMMENTS = YES;
				CLANG_WARN_EMPTY_BODY = YES;
				CLANG_WARN_ENUM_CONVERSION = YES;
				CLANG_WARN_INFINITE_RECURSION = YES;
				CLANG_WARN_INT_CONVERSION = YES;
				CLANG_WARN_NON_LITERAL_NULL_CONVERSION = YES;
				CLANG_WARN_OBJC_IMPLICIT_RETAIN_SELF = YES;
				CLANG_WARN_OBJC_LITERAL_CONVERSION = YES;
				CLANG_WARN_OBJC_ROOT_CLASS = YES_ERROR;
				CLANG_WARN_QUOTED_INCLUDE_IN_FRAMEWORK_HEADER = YES;
				CLANG_WARN_RANGE_LOOP_ANALYSIS = YES;
				CLANG_WARN_STRICT_PROTOTYPES = YES;
				CLANG_WARN_SUSPICIOUS_MOVE = YES;
				CLANG_WARN_UNGUARDED_AVAILABILITY = YES_AGGRESSIVE;
				CLANG_WARN_UNREACHABLE_CODE = YES;
				CLANG_WARN__DUPLICATE_METHOD_MATCH = YES;
				COPY_PHASE_STRIP = NO;
				DEBUG_INFORMATION_FORMAT = dwarf;
				ENABLE_STRICT_OBJC_MSGSEND = YES;
				ENABLE_TESTABILITY = YES;
				GCC_C_LANGUAGE_STANDARD = gnu11;
				GCC_DYNAMIC_NO_PIC = NO;
				GCC_NO_COMMON_BLOCKS = YES;
				GCC_OPTIMIZATION_LEVEL = 0;
				GCC_PREPROCESSOR_DEFINITIONS = (
					"DEBUG=1",
					"$(inherited)",
				);
				GCC_WARN_64_TO_32_BIT_CONVERSION = YES;
				GCC_WARN_ABOUT_RETURN_TYPE = YES_ERROR;
				GCC_WARN_UNDECLARED_SELECTOR = YES;
				GCC_WARN_UNINITIALIZED_AUTOS = YES_AGGRESSIVE;
				GCC_WARN_UNUSED_FUNCTION = YES;
				GCC_WARN_UNUSED_VARIABLE = YES;
				IPHONEOS_DEPLOYMENT_TARGET = 15.5;
				MTL_ENABLE_DEBUG_INFO = INCLUDE_SOURCE;
				MTL_FAST_MATH = YES;
				ONLY_ACTIVE_ARCH = YES;
				SDKROOT = iphoneos;
				SWIFT_ACTIVE_COMPILATION_CONDITIONS = DEBUG;
				SWIFT_OPTIMIZATION_LEVEL = "-Onone";
			};
			name = Debug;
		};
		E457CB97288701CC008FE057 /* Release */ = {
			isa = XCBuildConfiguration;
			buildSettings = {
				ALWAYS_SEARCH_USER_PATHS = NO;
				CLANG_ANALYZER_NONNULL = YES;
				CLANG_ANALYZER_NUMBER_OBJECT_CONVERSION = YES_AGGRESSIVE;
				CLANG_CXX_LANGUAGE_STANDARD = "gnu++17";
				CLANG_ENABLE_MODULES = YES;
				CLANG_ENABLE_OBJC_ARC = YES;
				CLANG_ENABLE_OBJC_WEAK = YES;
				CLANG_WARN_BLOCK_CAPTURE_AUTORELEASING = YES;
				CLANG_WARN_BOOL_CONVERSION = YES;
				CLANG_WARN_COMMA = YES;
				CLANG_WARN_CONSTANT_CONVERSION = YES;
				CLANG_WARN_DEPRECATED_OBJC_IMPLEMENTATIONS = YES;
				CLANG_WARN_DIRECT_OBJC_ISA_USAGE = YES_ERROR;
				CLANG_WARN_DOCUMENTATION_COMMENTS = YES;
				CLANG_WARN_EMPTY_BODY = YES;
				CLANG_WARN_ENUM_CONVERSION = YES;
				CLANG_WARN_INFINITE_RECURSION = YES;
				CLANG_WARN_INT_CONVERSION = YES;
				CLANG_WARN_NON_LITERAL_NULL_CONVERSION = YES;
				CLANG_WARN_OBJC_IMPLICIT_RETAIN_SELF = YES;
				CLANG_WARN_OBJC_LITERAL_CONVERSION = YES;
				CLANG_WARN_OBJC_ROOT_CLASS = YES_ERROR;
				CLANG_WARN_QUOTED_INCLUDE_IN_FRAMEWORK_HEADER = YES;
				CLANG_WARN_RANGE_LOOP_ANALYSIS = YES;
				CLANG_WARN_STRICT_PROTOTYPES = YES;
				CLANG_WARN_SUSPICIOUS_MOVE = YES;
				CLANG_WARN_UNGUARDED_AVAILABILITY = YES_AGGRESSIVE;
				CLANG_WARN_UNREACHABLE_CODE = YES;
				CLANG_WARN__DUPLICATE_METHOD_MATCH = YES;
				COPY_PHASE_STRIP = NO;
				DEBUG_INFORMATION_FORMAT = "dwarf-with-dsym";
				ENABLE_NS_ASSERTIONS = NO;
				ENABLE_STRICT_OBJC_MSGSEND = YES;
				GCC_C_LANGUAGE_STANDARD = gnu11;
				GCC_NO_COMMON_BLOCKS = YES;
				GCC_WARN_64_TO_32_BIT_CONVERSION = YES;
				GCC_WARN_ABOUT_RETURN_TYPE = YES_ERROR;
				GCC_WARN_UNDECLARED_SELECTOR = YES;
				GCC_WARN_UNINITIALIZED_AUTOS = YES_AGGRESSIVE;
				GCC_WARN_UNUSED_FUNCTION = YES;
				GCC_WARN_UNUSED_VARIABLE = YES;
				IPHONEOS_DEPLOYMENT_TARGET = 15.5;
				MTL_ENABLE_DEBUG_INFO = NO;
				MTL_FAST_MATH = YES;
				SDKROOT = iphoneos;
				SWIFT_COMPILATION_MODE = wholemodule;
				SWIFT_OPTIMIZATION_LEVEL = "-O";
				VALIDATE_PRODUCT = YES;
			};
			name = Release;
		};
		E457CB99288701CC008FE057 /* Debug */ = {
			isa = XCBuildConfiguration;
			buildSettings = {
				ASSETCATALOG_COMPILER_APPICON_NAME = AppIcon;
				ASSETCATALOG_COMPILER_GLOBAL_ACCENT_COLOR_NAME = AccentColor;
				CODE_SIGN_STYLE = Automatic;
				CURRENT_PROJECT_VERSION = 1;
				GENERATE_INFOPLIST_FILE = YES;
				INFOPLIST_FILE = final/Info.plist;
				INFOPLIST_KEY_UIApplicationSupportsIndirectInputEvents = YES;
				INFOPLIST_KEY_UILaunchStoryboardName = LaunchScreen;
				INFOPLIST_KEY_UIMainStoryboardFile = Main;
				INFOPLIST_KEY_UISupportedInterfaceOrientations_iPad = "UIInterfaceOrientationPortrait UIInterfaceOrientationPortraitUpsideDown UIInterfaceOrientationLandscapeLeft UIInterfaceOrientationLandscapeRight";
				INFOPLIST_KEY_UISupportedInterfaceOrientations_iPhone = "UIInterfaceOrientationPortrait UIInterfaceOrientationLandscapeLeft UIInterfaceOrientationLandscapeRight";
				LD_RUNPATH_SEARCH_PATHS = (
					"$(inherited)",
					"@executable_path/Frameworks",
				);
				MARKETING_VERSION = 1.0;
				PRODUCT_BUNDLE_IDENTIFIER = "kwk-2022.final";
				PRODUCT_NAME = "$(TARGET_NAME)";
				SWIFT_EMIT_LOC_STRINGS = YES;
				SWIFT_VERSION = 5.0;
				TARGETED_DEVICE_FAMILY = "1,2";
			};
			name = Debug;
		};
		E457CB9A288701CC008FE057 /* Release */ = {
			isa = XCBuildConfiguration;
			buildSettings = {
				ASSETCATALOG_COMPILER_APPICON_NAME = AppIcon;
				ASSETCATALOG_COMPILER_GLOBAL_ACCENT_COLOR_NAME = AccentColor;
				CODE_SIGN_STYLE = Automatic;
				CURRENT_PROJECT_VERSION = 1;
				GENERATE_INFOPLIST_FILE = YES;
				INFOPLIST_FILE = final/Info.plist;
				INFOPLIST_KEY_UIApplicationSupportsIndirectInputEvents = YES;
				INFOPLIST_KEY_UILaunchStoryboardName = LaunchScreen;
				INFOPLIST_KEY_UIMainStoryboardFile = Main;
				INFOPLIST_KEY_UISupportedInterfaceOrientations_iPad = "UIInterfaceOrientationPortrait UIInterfaceOrientationPortraitUpsideDown UIInterfaceOrientationLandscapeLeft UIInterfaceOrientationLandscapeRight";
				INFOPLIST_KEY_UISupportedInterfaceOrientations_iPhone = "UIInterfaceOrientationPortrait UIInterfaceOrientationLandscapeLeft UIInterfaceOrientationLandscapeRight";
				LD_RUNPATH_SEARCH_PATHS = (
					"$(inherited)",
					"@executable_path/Frameworks",
				);
				MARKETING_VERSION = 1.0;
				PRODUCT_BUNDLE_IDENTIFIER = "kwk-2022.final";
				PRODUCT_NAME = "$(TARGET_NAME)";
				SWIFT_EMIT_LOC_STRINGS = YES;
				SWIFT_VERSION = 5.0;
				TARGETED_DEVICE_FAMILY = "1,2";
			};
			name = Release;
		};
		E457CB9C288701CC008FE057 /* Debug */ = {
			isa = XCBuildConfiguration;
			buildSettings = {
				ALWAYS_EMBED_SWIFT_STANDARD_LIBRARIES = YES;
				BUNDLE_LOADER = "$(TEST_HOST)";
				CODE_SIGN_STYLE = Automatic;
				CURRENT_PROJECT_VERSION = 1;
				GENERATE_INFOPLIST_FILE = YES;
				IPHONEOS_DEPLOYMENT_TARGET = 15.5;
				MARKETING_VERSION = 1.0;
				PRODUCT_BUNDLE_IDENTIFIER = "kwk-2022.finalTests";
				PRODUCT_NAME = "$(TARGET_NAME)";
				SWIFT_EMIT_LOC_STRINGS = NO;
				SWIFT_VERSION = 5.0;
				TARGETED_DEVICE_FAMILY = "1,2";
				TEST_HOST = "$(BUILT_PRODUCTS_DIR)/final.app/final";
			};
			name = Debug;
		};
		E457CB9D288701CC008FE057 /* Release */ = {
			isa = XCBuildConfiguration;
			buildSettings = {
				ALWAYS_EMBED_SWIFT_STANDARD_LIBRARIES = YES;
				BUNDLE_LOADER = "$(TEST_HOST)";
				CODE_SIGN_STYLE = Automatic;
				CURRENT_PROJECT_VERSION = 1;
				GENERATE_INFOPLIST_FILE = YES;
				IPHONEOS_DEPLOYMENT_TARGET = 15.5;
				MARKETING_VERSION = 1.0;
				PRODUCT_BUNDLE_IDENTIFIER = "kwk-2022.finalTests";
				PRODUCT_NAME = "$(TARGET_NAME)";
				SWIFT_EMIT_LOC_STRINGS = NO;
				SWIFT_VERSION = 5.0;
				TARGETED_DEVICE_FAMILY = "1,2";
				TEST_HOST = "$(BUILT_PRODUCTS_DIR)/final.app/final";
			};
			name = Release;
		};
		E457CB9F288701CC008FE057 /* Debug */ = {
			isa = XCBuildConfiguration;
			buildSettings = {
				ALWAYS_EMBED_SWIFT_STANDARD_LIBRARIES = YES;
				CODE_SIGN_STYLE = Automatic;
				CURRENT_PROJECT_VERSION = 1;
				GENERATE_INFOPLIST_FILE = YES;
				MARKETING_VERSION = 1.0;
				PRODUCT_BUNDLE_IDENTIFIER = "kwk-2022.finalUITests";
				PRODUCT_NAME = "$(TARGET_NAME)";
				SWIFT_EMIT_LOC_STRINGS = NO;
				SWIFT_VERSION = 5.0;
				TARGETED_DEVICE_FAMILY = "1,2";
				TEST_TARGET_NAME = final;
			};
			name = Debug;
		};
		E457CBA0288701CC008FE057 /* Release */ = {
			isa = XCBuildConfiguration;
			buildSettings = {
				ALWAYS_EMBED_SWIFT_STANDARD_LIBRARIES = YES;
				CODE_SIGN_STYLE = Automatic;
				CURRENT_PROJECT_VERSION = 1;
				GENERATE_INFOPLIST_FILE = YES;
				MARKETING_VERSION = 1.0;
				PRODUCT_BUNDLE_IDENTIFIER = "kwk-2022.finalUITests";
				PRODUCT_NAME = "$(TARGET_NAME)";
				SWIFT_EMIT_LOC_STRINGS = NO;
				SWIFT_VERSION = 5.0;
				TARGETED_DEVICE_FAMILY = "1,2";
				TEST_TARGET_NAME = final;
			};
			name = Release;
		};
/* End XCBuildConfiguration section */

/* Begin XCConfigurationList section */
		E457CB66288701CB008FE057 /* Build configuration list for PBXProject "final" */ = {
			isa = XCConfigurationList;
			buildConfigurations = (
				E457CB96288701CC008FE057 /* Debug */,
				E457CB97288701CC008FE057 /* Release */,
			);
			defaultConfigurationIsVisible = 0;
			defaultConfigurationName = Release;
		};
		E457CB98288701CC008FE057 /* Build configuration list for PBXNativeTarget "final" */ = {
			isa = XCConfigurationList;
			buildConfigurations = (
				E457CB99288701CC008FE057 /* Debug */,
				E457CB9A288701CC008FE057 /* Release */,
			);
			defaultConfigurationIsVisible = 0;
			defaultConfigurationName = Release;
		};
		E457CB9B288701CC008FE057 /* Build configuration list for PBXNativeTarget "finalTests" */ = {
			isa = XCConfigurationList;
			buildConfigurations = (
				E457CB9C288701CC008FE057 /* Debug */,
				E457CB9D288701CC008FE057 /* Release */,
			);
			defaultConfigurationIsVisible = 0;
			defaultConfigurationName = Release;
		};
		E457CB9E288701CC008FE057 /* Build configuration list for PBXNativeTarget "finalUITests" */ = {
			isa = XCConfigurationList;
			buildConfigurations = (
				E457CB9F288701CC008FE057 /* Debug */,
				E457CBA0288701CC008FE057 /* Release */,
			);
			defaultConfigurationIsVisible = 0;
			defaultConfigurationName = Release;
		};
/* End XCConfigurationList section */

/* Begin XCVersionGroup section */
		E457CB77288701CB008FE057 /* final.xcdatamodeld */ = {
			isa = XCVersionGroup;
			children = (
				E457CB78288701CB008FE057 /* final.xcdatamodel */,
			);
			currentVersion = E457CB78288701CB008FE057 /* final.xcdatamodel */;
			path = final.xcdatamodeld;
			sourceTree = "<group>";
			versionGroupType = wrapper.xcdatamodel;
		};
/* End XCVersionGroup section */
	};
	rootObject = E457CB63288701CB008FE057 /* Project object */;
}
